// !$*UTF8*$!
{
	archiveVersion = 1;
	classes = {
	};
	objectVersion = 46;
	objects = {

/* Begin PBXBuildFile section */
		A7212DF418A954C300D6DBD5 /* Foundation.framework in Frameworks */ = {isa = PBXBuildFile; fileRef = A7212DF318A954C300D6DBD5 /* Foundation.framework */; };
		A7212DF618A954C300D6DBD5 /* CoreGraphics.framework in Frameworks */ = {isa = PBXBuildFile; fileRef = A7212DF518A954C300D6DBD5 /* CoreGraphics.framework */; };
		A7212DF818A954C300D6DBD5 /* UIKit.framework in Frameworks */ = {isa = PBXBuildFile; fileRef = A7212DF718A954C300D6DBD5 /* UIKit.framework */; };
		A7212DFE18A954C300D6DBD5 /* InfoPlist.strings in Resources */ = {isa = PBXBuildFile; fileRef = A7212DFC18A954C300D6DBD5 /* InfoPlist.strings */; };
		A7212E0018A954C300D6DBD5 /* main.m in Sources */ = {isa = PBXBuildFile; fileRef = A7212DFF18A954C300D6DBD5 /* main.m */; };
		A7212E0418A954C300D6DBD5 /* HWAppDelegate.m in Sources */ = {isa = PBXBuildFile; fileRef = A7212E0318A954C300D6DBD5 /* HWAppDelegate.m */; };
		A7212E0718A954C300D6DBD5 /* Main.storyboard in Resources */ = {isa = PBXBuildFile; fileRef = A7212E0518A954C300D6DBD5 /* Main.storyboard */; };
		A7212E0A18A954C300D6DBD5 /* HWViewController.m in Sources */ = {isa = PBXBuildFile; fileRef = A7212E0918A954C300D6DBD5 /* HWViewController.m */; };
		A7212E0C18A954C300D6DBD5 /* Images.xcassets in Resources */ = {isa = PBXBuildFile; fileRef = A7212E0B18A954C300D6DBD5 /* Images.xcassets */; };
		A7212E1318A954C300D6DBD5 /* XCTest.framework in Frameworks */ = {isa = PBXBuildFile; fileRef = A7212E1218A954C300D6DBD5 /* XCTest.framework */; };
		A7212E1418A954C300D6DBD5 /* Foundation.framework in Frameworks */ = {isa = PBXBuildFile; fileRef = A7212DF318A954C300D6DBD5 /* Foundation.framework */; };
		A7212E1518A954C300D6DBD5 /* UIKit.framework in Frameworks */ = {isa = PBXBuildFile; fileRef = A7212DF718A954C300D6DBD5 /* UIKit.framework */; };
		A7212E1D18A954C300D6DBD5 /* InfoPlist.strings in Resources */ = {isa = PBXBuildFile; fileRef = A7212E1B18A954C300D6DBD5 /* InfoPlist.strings */; };
		A7212E1F18A954C300D6DBD5 /* Hello_WorldTests.m in Sources */ = {isa = PBXBuildFile; fileRef = A7212E1E18A954C300D6DBD5 /* Hello_WorldTests.m */; };
/* End PBXBuildFile section */

/* Begin PBXContainerItemProxy section */
		A7212E1618A954C300D6DBD5 /* PBXContainerItemProxy */ = {
			isa = PBXContainerItemProxy;
			containerPortal = A7212DE818A954C300D6DBD5 /* Project object */;
			proxyType = 1;
			remoteGlobalIDString = A7212DEF18A954C300D6DBD5;
			remoteInfo = "Hello World";
		};
/* End PBXContainerItemProxy section */

/* Begin PBXFileReference section */
		A7212DF018A954C300D6DBD5 /* Hello World.app */ = {isa = PBXFileReference; explicitFileType = wrapper.application; includeInIndex = 0; path = "Hello World.app"; sourceTree = BUILT_PRODUCTS_DIR; };
		A7212DF318A954C300D6DBD5 /* Foundation.framework */ = {isa = PBXFileReference; lastKnownFileType = wrapper.framework; name = Foundation.framework; path = System/Library/Frameworks/Foundation.framework; sourceTree = SDKROOT; };
		A7212DF518A954C300D6DBD5 /* CoreGraphics.framework */ = {isa = PBXFileReference; lastKnownFileType = wrapper.framework; name = CoreGraphics.framework; path = System/Library/Frameworks/CoreGraphics.framework; sourceTree = SDKROOT; };
		A7212DF718A954C300D6DBD5 /* UIKit.framework */ = {isa = PBXFileReference; lastKnownFileType = wrapper.framework; name = UIKit.framework; path = System/Library/Frameworks/UIKit.framework; sourceTree = SDKROOT; };
		A7212DFB18A954C300D6DBD5 /* Hello World-Info.plist */ = {isa = PBXFileReference; lastKnownFileType = text.plist.xml; path = "Hello World-Info.plist"; sourceTree = "<group>"; };
		A7212DFD18A954C300D6DBD5 /* en */ = {isa = PBXFileReference; lastKnownFileType = text.plist.strings; name = en; path = en.lproj/InfoPlist.strings; sourceTree = "<group>"; };
		A7212DFF18A954C300D6DBD5 /* main.m */ = {isa = PBXFileReference; lastKnownFileType = sourcecode.c.objc; path = main.m; sourceTree = "<group>"; };
		A7212E0118A954C300D6DBD5 /* Hello World-Prefix.pch */ = {isa = PBXFileReference; lastKnownFileType = sourcecode.c.h; path = "Hello World-Prefix.pch"; sourceTree = "<group>"; };
		A7212E0218A954C300D6DBD5 /* HWAppDelegate.h */ = {isa = PBXFileReference; lastKnownFileType = sourcecode.c.h; path = HWAppDelegate.h; sourceTree = "<group>"; };
		A7212E0318A954C300D6DBD5 /* HWAppDelegate.m */ = {isa = PBXFileReference; lastKnownFileType = sourcecode.c.objc; path = HWAppDelegate.m; sourceTree = "<group>"; };
		A7212E0618A954C300D6DBD5 /* Base */ = {isa = PBXFileReference; lastKnownFileType = file.storyboard; name = Base; path = Base.lproj/Main.storyboard; sourceTree = "<group>"; };
		A7212E0818A954C300D6DBD5 /* HWViewController.h */ = {isa = PBXFileReference; lastKnownFileType = sourcecode.c.h; path = HWViewController.h; sourceTree = "<group>"; };
		A7212E0918A954C300D6DBD5 /* HWViewController.m */ = {isa = PBXFileReference; lastKnownFileType = sourcecode.c.objc; path = HWViewController.m; sourceTree = "<group>"; };
		A7212E0B18A954C300D6DBD5 /* Images.xcassets */ = {isa = PBXFileReference; lastKnownFileType = folder.assetcatalog; path = Images.xcassets; sourceTree = "<group>"; };
		A7212E1118A954C300D6DBD5 /* Hello WorldTests.xctest */ = {isa = PBXFileReference; explicitFileType = wrapper.cfbundle; includeInIndex = 0; path = "Hello WorldTests.xctest"; sourceTree = BUILT_PRODUCTS_DIR; };
		A7212E1218A954C300D6DBD5 /* XCTest.framework */ = {isa = PBXFileReference; lastKnownFileType = wrapper.framework; name = XCTest.framework; path = Library/Frameworks/XCTest.framework; sourceTree = DEVELOPER_DIR; };
		A7212E1A18A954C300D6DBD5 /* Hello WorldTests-Info.plist */ = {isa = PBXFileReference; lastKnownFileType = text.plist.xml; path = "Hello WorldTests-Info.plist"; sourceTree = "<group>"; };
		A7212E1C18A954C300D6DBD5 /* en */ = {isa = PBXFileReference; lastKnownFileType = text.plist.strings; name = en; path = en.lproj/InfoPlist.strings; sourceTree = "<group>"; };
		A7212E1E18A954C300D6DBD5 /* Hello_WorldTests.m */ = {isa = PBXFileReference; lastKnownFileType = sourcecode.c.objc; path = Hello_WorldTests.m; sourceTree = "<group>"; };
/* End PBXFileReference section */

/* Begin PBXFrameworksBuildPhase section */
		A7212DED18A954C300D6DBD5 /* Frameworks */ = {
			isa = PBXFrameworksBuildPhase;
			buildActionMask = 2147483647;
			files = (
				A7212DF618A954C300D6DBD5 /* CoreGraphics.framework in Frameworks */,
				A7212DF818A954C300D6DBD5 /* UIKit.framework in Frameworks */,
				A7212DF418A954C300D6DBD5 /* Foundation.framework in Frameworks */,
			);
			runOnlyForDeploymentPostprocessing = 0;
		};
		A7212E0E18A954C300D6DBD5 /* Frameworks */ = {
			isa = PBXFrameworksBuildPhase;
			buildActionMask = 2147483647;
			files = (
				A7212E1318A954C300D6DBD5 /* XCTest.framework in Frameworks */,
				A7212E1518A954C300D6DBD5 /* UIKit.framework in Frameworks */,
				A7212E1418A954C300D6DBD5 /* Foundation.framework in Frameworks */,
			);
			runOnlyForDeploymentPostprocessing = 0;
		};
/* End PBXFrameworksBuildPhase section */

/* Begin PBXGroup section */
		A7212DE718A954C300D6DBD5 = {
			isa = PBXGroup;
			children = (
				A7212DF918A954C300D6DBD5 /* Hello World */,
				A7212E1818A954C300D6DBD5 /* Hello WorldTests */,
				A7212DF218A954C300D6DBD5 /* Frameworks */,
				A7212DF118A954C300D6DBD5 /* Products */,
			);
			sourceTree = "<group>";
		};
		A7212DF118A954C300D6DBD5 /* Products */ = {
			isa = PBXGroup;
			children = (
				A7212DF018A954C300D6DBD5 /* Hello World.app */,
				A7212E1118A954C300D6DBD5 /* Hello WorldTests.xctest */,
			);
			name = Products;
			sourceTree = "<group>";
		};
		A7212DF218A954C300D6DBD5 /* Frameworks */ = {
			isa = PBXGroup;
			children = (
				A7212DF318A954C300D6DBD5 /* Foundation.framework */,
				A7212DF518A954C300D6DBD5 /* CoreGraphics.framework */,
				A7212DF718A954C300D6DBD5 /* UIKit.framework */,
				A7212E1218A954C300D6DBD5 /* XCTest.framework */,
			);
			name = Frameworks;
			sourceTree = "<group>";
		};
		A7212DF918A954C300D6DBD5 /* Hello World */ = {
			isa = PBXGroup;
			children = (
				A7212E0218A954C300D6DBD5 /* HWAppDelegate.h */,
				A7212E0318A954C300D6DBD5 /* HWAppDelegate.m */,
				A7212E0518A954C300D6DBD5 /* Main.storyboard */,
				A7212E0818A954C300D6DBD5 /* HWViewController.h */,
				A7212E0918A954C300D6DBD5 /* HWViewController.m */,
				A7212E0B18A954C300D6DBD5 /* Images.xcassets */,
				A7212DFA18A954C300D6DBD5 /* Supporting Files */,
			);
			path = "Hello World";
			sourceTree = "<group>";
		};
		A7212DFA18A954C300D6DBD5 /* Supporting Files */ = {
			isa = PBXGroup;
			children = (
				A7212DFB18A954C300D6DBD5 /* Hello World-Info.plist */,
				A7212DFC18A954C300D6DBD5 /* InfoPlist.strings */,
				A7212DFF18A954C300D6DBD5 /* main.m */,
				A7212E0118A954C300D6DBD5 /* Hello World-Prefix.pch */,
			);
			name = "Supporting Files";
			sourceTree = "<group>";
		};
		A7212E1818A954C300D6DBD5 /* Hello WorldTests */ = {
			isa = PBXGroup;
			children = (
				A7212E1E18A954C300D6DBD5 /* Hello_WorldTests.m */,
				A7212E1918A954C300D6DBD5 /* Supporting Files */,
			);
			path = "Hello WorldTests";
			sourceTree = "<group>";
		};
		A7212E1918A954C300D6DBD5 /* Supporting Files */ = {
			isa = PBXGroup;
			children = (
				A7212E1A18A954C300D6DBD5 /* Hello WorldTests-Info.plist */,
				A7212E1B18A954C300D6DBD5 /* InfoPlist.strings */,
			);
			name = "Supporting Files";
			sourceTree = "<group>";
		};
/* End PBXGroup section */

/* Begin PBXNativeTarget section */
		A7212DEF18A954C300D6DBD5 /* Hello World */ = {
			isa = PBXNativeTarget;
			buildConfigurationList = A7212E2218A954C300D6DBD5 /* Build configuration list for PBXNativeTarget "Hello World" */;
			buildPhases = (
				A7212DEC18A954C300D6DBD5 /* Sources */,
				A7212DED18A954C300D6DBD5 /* Frameworks */,
				A7212DEE18A954C300D6DBD5 /* Resources */,
			);
			buildRules = (
			);
			dependencies = (
			);
			name = "Hello World";
			productName = "Hello World";
			productReference = A7212DF018A954C300D6DBD5 /* Hello World.app */;
			productType = "com.apple.product-type.application";
		};
		A7212E1018A954C300D6DBD5 /* Hello WorldTests */ = {
			isa = PBXNativeTarget;
			buildConfigurationList = A7212E2518A954C300D6DBD5 /* Build configuration list for PBXNativeTarget "Hello WorldTests" */;
			buildPhases = (
				A7212E0D18A954C300D6DBD5 /* Sources */,
				A7212E0E18A954C300D6DBD5 /* Frameworks */,
				A7212E0F18A954C300D6DBD5 /* Resources */,
			);
			buildRules = (
			);
			dependencies = (
				A7212E1718A954C300D6DBD5 /* PBXTargetDependency */,
			);
			name = "Hello WorldTests";
			productName = "Hello WorldTests";
			productReference = A7212E1118A954C300D6DBD5 /* Hello WorldTests.xctest */;
			productType = "com.apple.product-type.bundle.unit-test";
		};
/* End PBXNativeTarget section */

/* Begin PBXProject section */
		A7212DE818A954C300D6DBD5 /* Project object */ = {
			isa = PBXProject;
			attributes = {
				CLASSPREFIX = HW;
				LastUpgradeCheck = 0510;
				ORGANIZATIONNAME = "Rene A Basurto Q";
				TargetAttributes = {
					A7212E1018A954C300D6DBD5 = {
						TestTargetID = A7212DEF18A954C300D6DBD5;
					};
				};
			};
			buildConfigurationList = A7212DEB18A954C300D6DBD5 /* Build configuration list for PBXProject "Hello World" */;
			compatibilityVersion = "Xcode 3.2";
			developmentRegion = English;
			hasScannedForEncodings = 0;
			knownRegions = (
				en,
				Base,
			);
			mainGroup = A7212DE718A954C300D6DBD5;
			productRefGroup = A7212DF118A954C300D6DBD5 /* Products */;
			projectDirPath = "";
			projectRoot = "";
			targets = (
				A7212DEF18A954C300D6DBD5 /* Hello World */,
				A7212E1018A954C300D6DBD5 /* Hello WorldTests */,
			);
		};
/* End PBXProject section */

/* Begin PBXResourcesBuildPhase section */
		A7212DEE18A954C300D6DBD5 /* Resources */ = {
			isa = PBXResourcesBuildPhase;
			buildActionMask = 2147483647;
			files = (
				A7212E0C18A954C300D6DBD5 /* Images.xcassets in Resources */,
				A7212DFE18A954C300D6DBD5 /* InfoPlist.strings in Resources */,
				A7212E0718A954C300D6DBD5 /* Main.storyboard in Resources */,
			);
			runOnlyForDeploymentPostprocessing = 0;
		};
		A7212E0F18A954C300D6DBD5 /* Resources */ = {
			isa = PBXResourcesBuildPhase;
			buildActionMask = 2147483647;
			files = (
				A7212E1D18A954C300D6DBD5 /* InfoPlist.strings in Resources */,
			);
			runOnlyForDeploymentPostprocessing = 0;
		};
/* End PBXResourcesBuildPhase section */

/* Begin PBXSourcesBuildPhase section */
		A7212DEC18A954C300D6DBD5 /* Sources */ = {
			isa = PBXSourcesBuildPhase;
			buildActionMask = 2147483647;
			files = (
				A7212E0A18A954C300D6DBD5 /* HWViewController.m in Sources */,
				A7212E0018A954C300D6DBD5 /* main.m in Sources */,
				A7212E0418A954C300D6DBD5 /* HWAppDelegate.m in Sources */,
			);
			runOnlyForDeploymentPostprocessing = 0;
		};
		A7212E0D18A954C300D6DBD5 /* Sources */ = {
			isa = PBXSourcesBuildPhase;
			buildActionMask = 2147483647;
			files = (
				A7212E1F18A954C300D6DBD5 /* Hello_WorldTests.m in Sources */,
			);
			runOnlyForDeploymentPostprocessing = 0;
		};
/* End PBXSourcesBuildPhase section */

/* Begin PBXTargetDependency section */
		A7212E1718A954C300D6DBD5 /* PBXTargetDependency */ = {
			isa = PBXTargetDependency;
			target = A7212DEF18A954C300D6DBD5 /* Hello World */;
			targetProxy = A7212E1618A954C300D6DBD5 /* PBXContainerItemProxy */;
		};
/* End PBXTargetDependency section */

/* Begin PBXVariantGroup section */
		A7212DFC18A954C300D6DBD5 /* InfoPlist.strings */ = {
			isa = PBXVariantGroup;
			children = (
				A7212DFD18A954C300D6DBD5 /* en */,
			);
			name = InfoPlist.strings;
			sourceTree = "<group>";
		};
		A7212E0518A954C300D6DBD5 /* Main.storyboard */ = {
			isa = PBXVariantGroup;
			children = (
				A7212E0618A954C300D6DBD5 /* Base */,
			);
			name = Main.storyboard;
			sourceTree = "<group>";
		};
		A7212E1B18A954C300D6DBD5 /* InfoPlist.strings */ = {
			isa = PBXVariantGroup;
			children = (
				A7212E1C18A954C300D6DBD5 /* en */,
			);
			name = InfoPlist.strings;
			sourceTree = "<group>";
		};
/* End PBXVariantGroup section */

/* Begin XCBuildConfiguration section */
		A7212E2018A954C300D6DBD5 /* Debug */ = {
			isa = XCBuildConfiguration;
			buildSettings = {
				ALWAYS_SEARCH_USER_PATHS = NO;
				CLANG_CXX_LANGUAGE_STANDARD = "gnu++0x";
				CLANG_CXX_LIBRARY = "libc++";
				CLANG_ENABLE_MODULES = YES;
				CLANG_ENABLE_OBJC_ARC = YES;
				CLANG_WARN_BOOL_CONVERSION = YES;
				CLANG_WARN_CONSTANT_CONVERSION = YES;
				CLANG_WARN_DIRECT_OBJC_ISA_USAGE = YES_ERROR;
				CLANG_WARN_EMPTY_BODY = YES;
				CLANG_WARN_ENUM_CONVERSION = YES;
				CLANG_WARN_INT_CONVERSION = YES;
				CLANG_WARN_OBJC_ROOT_CLASS = YES_ERROR;
				CLANG_WARN__DUPLICATE_METHOD_MATCH = YES;
				"CODE_SIGN_IDENTITY[sdk=iphoneos*]" = "iPhone Developer";
				COPY_PHASE_STRIP = NO;
				GCC_C_LANGUAGE_STANDARD = gnu99;
				GCC_DYNAMIC_NO_PIC = NO;
				GCC_OPTIMIZATION_LEVEL = 0;
				GCC_PREPROCESSOR_DEFINITIONS = (
					"DEBUG=1",
					"$(inherited)",
				);
				GCC_SYMBOLS_PRIVATE_EXTERN = NO;
				GCC_WARN_64_TO_32_BIT_CONVERSION = YES;
				GCC_WARN_ABOUT_RETURN_TYPE = YES_ERROR;
				GCC_WARN_UNDECLARED_SELECTOR = YES;
				GCC_WARN_UNINITIALIZED_AUTOS = YES_AGGRESSIVE;
				GCC_WARN_UNUSED_FUNCTION = YES;
				GCC_WARN_UNUSED_VARIABLE = YES;
				IPHONEOS_DEPLOYMENT_TARGET = 7.1;
				ONLY_ACTIVE_ARCH = YES;
				SDKROOT = iphoneos;
			};
			name = Debug;
		};
		A7212E2118A954C300D6DBD5 /* Release */ = {
			isa = XCBuildConfiguration;
			buildSettings = {
				ALWAYS_SEARCH_USER_PATHS = NO;
				CLANG_CXX_LANGUAGE_STANDARD = "gnu++0x";
				CLANG_CXX_LIBRARY = "libc++";
				CLANG_ENABLE_MODULES = YES;
				CLANG_ENABLE_OBJC_ARC = YES;
				CLANG_WARN_BOOL_CONVERSION = YES;
				CLANG_WARN_CONSTANT_CONVERSION = YES;
				CLANG_WARN_DIRECT_OBJC_ISA_USAGE = YES_ERROR;
				CLANG_WARN_EMPTY_BODY = YES;
				CLANG_WARN_ENUM_CONVERSION = YES;
				CLANG_WARN_INT_CONVERSION = YES;
				CLANG_WARN_OBJC_ROOT_CLASS = YES_ERROR;
				CLANG_WARN__DUPLICATE_METHOD_MATCH = YES;
				"CODE_SIGN_IDENTITY[sdk=iphoneos*]" = "iPhone Developer";
				COPY_PHASE_STRIP = YES;
				ENABLE_NS_ASSERTIONS = NO;
				GCC_C_LANGUAGE_STANDARD = gnu99;
				GCC_WARN_64_TO_32_BIT_CONVERSION = YES;
				GCC_WARN_ABOUT_RETURN_TYPE = YES_ERROR;
				GCC_WARN_UNDECLARED_SELECTOR = YES;
				GCC_WARN_UNINITIALIZED_AUTOS = YES_AGGRESSIVE;
				GCC_WARN_UNUSED_FUNCTION = YES;
				GCC_WARN_UNUSED_VARIABLE = YES;
				IPHONEOS_DEPLOYMENT_TARGET = 7.1;
				SDKROOT = iphoneos;
				VALIDATE_PRODUCT = YES;
			};
			name = Release;
		};
		A7212E2318A954C300D6DBD5 /* Debug */ = {
			isa = XCBuildConfiguration;
			buildSettings = {
				ASSETCATALOG_COMPILER_APPICON_NAME = AppIcon;
				ASSETCATALOG_COMPILER_LAUNCHIMAGE_NAME = LaunchImage;
				GCC_PRECOMPILE_PREFIX_HEADER = YES;
				GCC_PREFIX_HEADER = "Hello World/Hello World-Prefix.pch";
				INFOPLIST_FILE = "Hello World/Hello World-Info.plist";
				PRODUCT_NAME = "$(TARGET_NAME)";
				WRAPPER_EXTENSION = app;
			};
			name = Debug;
		};
		A7212E2418A954C300D6DBD5 /* Release */ = {
			isa = XCBuildConfiguration;
			buildSettings = {
				ASSETCATALOG_COMPILER_APPICON_NAME = AppIcon;
				ASSETCATALOG_COMPILER_LAUNCHIMAGE_NAME = LaunchImage;
				GCC_PRECOMPILE_PREFIX_HEADER = YES;
				GCC_PREFIX_HEADER = "Hello World/Hello World-Prefix.pch";
				INFOPLIST_FILE = "Hello World/Hello World-Info.plist";
				PRODUCT_NAME = "$(TARGET_NAME)";
				WRAPPER_EXTENSION = app;
			};
			name = Release;
		};
		A7212E2618A954C300D6DBD5 /* Debug */ = {
			isa = XCBuildConfiguration;
			buildSettings = {
				BUNDLE_LOADER = "$(BUILT_PRODUCTS_DIR)/Hello World.app/Hello World";
				FRAMEWORK_SEARCH_PATHS = (
					"$(SDKROOT)/Developer/Library/Frameworks",
					"$(inherited)",
					"$(DEVELOPER_FRAMEWORKS_DIR)",
				);
				GCC_PRECOMPILE_PREFIX_HEADER = YES;
				GCC_PREFIX_HEADER = "Hello World/Hello World-Prefix.pch";
				GCC_PREPROCESSOR_DEFINITIONS = (
					"DEBUG=1",
					"$(inherited)",
				);
				INFOPLIST_FILE = "Hello WorldTests/Hello WorldTests-Info.plist";
				PRODUCT_NAME = "$(TARGET_NAME)";
				TEST_HOST = "$(BUNDLE_LOADER)";
				WRAPPER_EXTENSION = xctest;
			};
			name = Debug;
		};
		A7212E2718A954C300D6DBD5 /* Release */ = {
			isa = XCBuildConfiguration;
			buildSettings = {
				BUNDLE_LOADER = "$(BUILT_PRODUCTS_DIR)/Hello World.app/Hello World";
				FRAMEWORK_SEARCH_PATHS = (
					"$(SDKROOT)/Developer/Library/Frameworks",
					"$(inherited)",
					"$(DEVELOPER_FRAMEWORKS_DIR)",
				);
				GCC_PRECOMPILE_PREFIX_HEADER = YES;
				GCC_PREFIX_HEADER = "Hello World/Hello World-Prefix.pch";
				INFOPLIST_FILE = "Hello WorldTests/Hello WorldTests-Info.plist";
				PRODUCT_NAME = "$(TARGET_NAME)";
				TEST_HOST = "$(BUNDLE_LOADER)";
				WRAPPER_EXTENSION = xctest;
			};
			name = Release;
		};
/* End XCBuildConfiguration section */

/* Begin XCConfigurationList section */
		A7212DEB18A954C300D6DBD5 /* Build configuration list for PBXProject "Hello World" */ = {
			isa = XCConfigurationList;
			buildConfigurations = (
				A7212E2018A954C300D6DBD5 /* Debug */,
				A7212E2118A954C300D6DBD5 /* Release */,
			);
			defaultConfigurationIsVisible = 0;
			defaultConfigurationName = Release;
		};
		A7212E2218A954C300D6DBD5 /* Build configuration list for PBXNativeTarget "Hello World" */ = {
			isa = XCConfigurationList;
			buildConfigurations = (
				A7212E2318A954C300D6DBD5 /* Debug */,
				A7212E2418A954C300D6DBD5 /* Release */,
			);
			defaultConfigurationIsVisible = 0;
		};
		A7212E2518A954C300D6DBD5 /* Build configuration list for PBXNativeTarget "Hello WorldTests" */ = {
			isa = XCConfigurationList;
			buildConfigurations = (
				A7212E2618A954C300D6DBD5 /* Debug */,
				A7212E2718A954C300D6DBD5 /* Release */,
			);
			defaultConfigurationIsVisible = 0;
		};
/* End XCConfigurationList section */
	};
	rootObject = A7212DE818A954C300D6DBD5 /* Project object */;
}
